
Microsoft Visual Studio Solution File, Format Version 12.00
# Visual Studio Version 17
VisualStudioVersion = 17.13.35931.197 d17.13
MinimumVisualStudioVersion = 10.0.40219.1
Project("{FAE04EC0-301F-11D3-BF4B-00C04F79EFBC}") = "CityPulse", "CityPulse\CityPulse.csproj", "{71423A00-7345-4FF0-AC77-A664244ECF57}"
EndProject
Global
	GlobalSection(SolutionConfigurationPlatforms) = preSolution
		Debug|Any CPU = Debug|Any CPU
		Release|Any CPU = Release|Any CPU
	EndGlobalSection
	GlobalSection(ProjectConfigurationPlatforms) = postSolution
		{71423A00-7345-4FF0-AC77-A664244ECF57}.Debug|Any CPU.ActiveCfg = Debug|Any CPU
		{71423A00-7345-4FF0-AC77-A664244ECF57}.Debug|Any CPU.Build.0 = Debug|Any CPU
		{71423A00-7345-4FF0-AC77-A664244ECF57}.Release|Any CPU.ActiveCfg = Release|Any CPU
		{71423A00-7345-4FF0-AC77-A664244ECF57}.Release|Any CPU.Build.0 = Release|Any CPU
	EndGlobalSection
	GlobalSection(SolutionProperties) = preSolution
		HideSolutionNode = FALSE
	EndGlobalSection
	GlobalSection(ExtensibilityGlobals) = postSolution
		SolutionGuid = {4997FC0F-CF93-430D-8BE9-8D3CC04D9DE6}
	EndGlobalSection
EndGlobal
